
Microsoft Visual Studio Solution File, Format Version 12.00
# Visual Studio 14
VisualStudioVersion = 14.0.25420.1
MinimumVisualStudioVersion = 10.0.40219.1
Project("{FAE04EC0-301F-11D3-BF4B-00C04F79EFBC}") = "Rs.Exp.Jarvis.Client", "Rs.Exp.Jarvis.Client\Rs.Exp.Jarvis.Client.csproj", "{3982BDEC-129F-435D-9745-CD2F87A88334}"
EndProject
Project("{FAE04EC0-301F-11D3-BF4B-00C04F79EFBC}") = "Rs.Exp.Jarvis.Core", "Rs.Exp.Jarvis.Core\Rs.Exp.Jarvis.Core.csproj", "{E79E5C1D-C0B7-45C2-A3DE-B9057B72D3E4}"
EndProject
Project("{2150E333-8FDC-42A3-9474-1A3956D46DE8}") = "Documentation", "Documentation", "{7D2B38D1-AB01-4A30-A683-77F72EF4404D}"
	ProjectSection(SolutionItems) = preProject
		..\README.md = ..\README.md
	EndProjectSection
EndProject
Project("{FAE04EC0-301F-11D3-BF4B-00C04F79EFBC}") = "Rs.Exp.Jarvis.Navigation.Google", "Rs.Exp.Jarvis.Navigation.Google\Rs.Exp.Jarvis.Navigation.Google.csproj", "{41232C18-B18E-4345-92A6-E31CC448E055}"
EndProject
Project("{2150E333-8FDC-42A3-9474-1A3956D46DE8}") = "Contrib", "Contrib", "{4B170DDC-3AA3-4808-99D8-57B7EDE77E1B}"
EndProject
Project("{FAE04EC0-301F-11D3-BF4B-00C04F79EFBC}") = "Gavaghan.Geodesy", "Contrib\Gavaghan.Geodesy\Gavaghan.Geodesy.csproj", "{FEF5CAD3-7F38-4801-849E-2F4F94607ABD}"
EndProject
Global
	GlobalSection(SolutionConfigurationPlatforms) = preSolution
		Debug|Any CPU = Debug|Any CPU
		Release|Any CPU = Release|Any CPU
	EndGlobalSection
	GlobalSection(ProjectConfigurationPlatforms) = postSolution
		{3982BDEC-129F-435D-9745-CD2F87A88334}.Debug|Any CPU.ActiveCfg = Debug|Any CPU
		{3982BDEC-129F-435D-9745-CD2F87A88334}.Debug|Any CPU.Build.0 = Debug|Any CPU
		{3982BDEC-129F-435D-9745-CD2F87A88334}.Release|Any CPU.ActiveCfg = Release|Any CPU
		{3982BDEC-129F-435D-9745-CD2F87A88334}.Release|Any CPU.Build.0 = Release|Any CPU
		{E79E5C1D-C0B7-45C2-A3DE-B9057B72D3E4}.Debug|Any CPU.ActiveCfg = Debug|Any CPU
		{E79E5C1D-C0B7-45C2-A3DE-B9057B72D3E4}.Debug|Any CPU.Build.0 = Debug|Any CPU
		{E79E5C1D-C0B7-45C2-A3DE-B9057B72D3E4}.Release|Any CPU.ActiveCfg = Release|Any CPU
		{E79E5C1D-C0B7-45C2-A3DE-B9057B72D3E4}.Release|Any CPU.Build.0 = Release|Any CPU
		{41232C18-B18E-4345-92A6-E31CC448E055}.Debug|Any CPU.ActiveCfg = Debug|Any CPU
		{41232C18-B18E-4345-92A6-E31CC448E055}.Debug|Any CPU.Build.0 = Debug|Any CPU
		{41232C18-B18E-4345-92A6-E31CC448E055}.Release|Any CPU.ActiveCfg = Release|Any CPU
		{41232C18-B18E-4345-92A6-E31CC448E055}.Release|Any CPU.Build.0 = Release|Any CPU
		{FEF5CAD3-7F38-4801-849E-2F4F94607ABD}.Debug|Any CPU.ActiveCfg = Debug|Any CPU
		{FEF5CAD3-7F38-4801-849E-2F4F94607ABD}.Debug|Any CPU.Build.0 = Debug|Any CPU
		{FEF5CAD3-7F38-4801-849E-2F4F94607ABD}.Release|Any CPU.ActiveCfg = Release|Any CPU
		{FEF5CAD3-7F38-4801-849E-2F4F94607ABD}.Release|Any CPU.Build.0 = Release|Any CPU
	EndGlobalSection
	GlobalSection(SolutionProperties) = preSolution
		HideSolutionNode = FALSE
	EndGlobalSection
	GlobalSection(NestedProjects) = preSolution
		{FEF5CAD3-7F38-4801-849E-2F4F94607ABD} = {4B170DDC-3AA3-4808-99D8-57B7EDE77E1B}
	EndGlobalSection
EndGlobal
